
Microsoft Visual Studio Solution File, Format Version 12.00
Project("{FAE04EC0-301F-11D3-BF4B-00C04F79EFBC}") = "EfCore6SplitQueryConcurrencyBug", "EfCore6SplitQueryConcurrencyBug\EfCore6SplitQueryConcurrencyBug.csproj", "{2DB5FDD8-C75A-44DD-84F6-2EDA2DDBE47B}"
EndProject
Global
	GlobalSection(SolutionConfigurationPlatforms) = preSolution
		Debug|Any CPU = Debug|Any CPU
		Release|Any CPU = Release|Any CPU
	EndGlobalSection
	GlobalSection(ProjectConfigurationPlatforms) = postSolution
		{2DB5FDD8-C75A-44DD-84F6-2EDA2DDBE47B}.Debug|Any CPU.ActiveCfg = Debug|Any CPU
		{2DB5FDD8-C75A-44DD-84F6-2EDA2DDBE47B}.Debug|Any CPU.Build.0 = Debug|Any CPU
		{2DB5FDD8-C75A-44DD-84F6-2EDA2DDBE47B}.Release|Any CPU.ActiveCfg = Release|Any CPU
		{2DB5FDD8-C75A-44DD-84F6-2EDA2DDBE47B}.Release|Any CPU.Build.0 = Release|Any CPU
	EndGlobalSection
EndGlobal
